
Microsoft Visual Studio Solution File, Format Version 12.00
# Visual Studio Version 16
VisualStudioVersion = 16.0.30517.126
MinimumVisualStudioVersion = 10.0.40219.1
Project("{FAE04EC0-301F-11D3-BF4B-00C04F79EFBC}") = "WindowsFormsApp3", "WindowsFormsApp3\WindowsFormsApp3.csproj", "{10D8877F-37EE-4EFC-AD3E-B2BD67EE569E}"
EndProject
Global
	GlobalSection(SolutionConfigurationPlatforms) = preSolution
		Debug|Any CPU = Debug|Any CPU
		Release|Any CPU = Release|Any CPU
	EndGlobalSection
	GlobalSection(ProjectConfigurationPlatforms) = postSolution
		{10D8877F-37EE-4EFC-AD3E-B2BD67EE569E}.Debug|Any CPU.ActiveCfg = Debug|Any CPU
		{10D8877F-37EE-4EFC-AD3E-B2BD67EE569E}.Debug|Any CPU.Build.0 = Debug|Any CPU
		{10D8877F-37EE-4EFC-AD3E-B2BD67EE569E}.Release|Any CPU.ActiveCfg = Release|Any CPU
		{10D8877F-37EE-4EFC-AD3E-B2BD67EE569E}.Release|Any CPU.Build.0 = Release|Any CPU
	EndGlobalSection
	GlobalSection(SolutionProperties) = preSolution
		HideSolutionNode = FALSE
	EndGlobalSection
	GlobalSection(ExtensibilityGlobals) = postSolution
		SolutionGuid = {5E778754-2ABD-4F11-957B-5A0742862D41}
	EndGlobalSection
EndGlobal
